{
  "lockfileVersion": 1,
  "configVersion": 1,
  "workspaces": {
    "": {
      "name": "artifact-app",
      "dependencies": {
        "@solana-program/system": "^0.8.0",
        "@solana-program/token": "^0.6.0",
        "@solana/kit": "^3.0.2",
      },
      "devDependencies": {
        "@sveltejs/adapter-node": "^5.2.12",
        "@sveltejs/kit": "^2.20.0",
        "@sveltejs/vite-plugin-svelte": "^5.0.0",
        "svelte": "^5.25.0",
        "typescript": "^5.8.0",
        "vite": "^6.2.0",
      },
    },
  },
  "packages": {
    "@esbuild/aix-ppc64": ["@esbuild/aix-ppc64@0.25.12", "", { "os": "aix", "cpu": "ppc64" }, "sha512-Hhmwd6CInZ3dwpuGTF8fJG6yoWmsToE+vYgD4nytZVxcu1ulHpUQRAB1UJ8+N1Am3Mz4+xOByoQoSZf4D+CpkA=="],

    "@esbuild/android-arm": ["@esbuild/android-arm@0.25.12", "", { "os": "android", "cpu": "arm" }, "sha512-VJ+sKvNA/GE7Ccacc9Cha7bpS8nyzVv0jdVgwNDaR4gDMC/2TTRc33Ip8qrNYUcpkOHUT5OZ0bUcNNVZQ9RLlg=="],

    "@esbuild/android-arm64": ["@esbuild/android-arm64@0.25.12", "", { "os": "android", "cpu": "arm64" }, "sha512-6AAmLG7zwD1Z159jCKPvAxZd4y/VTO0VkprYy+3N2FtJ8+BQWFXU+OxARIwA46c5tdD9SsKGZ/1ocqBS/gAKHg=="],

    "@esbuild/android-x64": ["@esbuild/android-x64@0.25.12", "", { "os": "android", "cpu": "x64" }, "sha512-5jbb+2hhDHx5phYR2By8GTWEzn6I9UqR11Kwf22iKbNpYrsmRB18aX/9ivc5cabcUiAT/wM+YIZ6SG9QO6a8kg=="],

    "@esbuild/darwin-arm64": ["@esbuild/darwin-arm64@0.25.12", "", { "os": "darwin", "cpu": "arm64" }, "sha512-N3zl+lxHCifgIlcMUP5016ESkeQjLj/959RxxNYIthIg+CQHInujFuXeWbWMgnTo4cp5XVHqFPmpyu9J65C1Yg=="],

    "@esbuild/darwin-x64": ["@esbuild/darwin-x64@0.25.12", "", { "os": "darwin", "cpu": "x64" }, "sha512-HQ9ka4Kx21qHXwtlTUVbKJOAnmG1ipXhdWTmNXiPzPfWKpXqASVcWdnf2bnL73wgjNrFXAa3yYvBSd9pzfEIpA=="],

    "@esbuild/freebsd-arm64": ["@esbuild/freebsd-arm64@0.25.12", "", { "os": "freebsd", "cpu": "arm64" }, "sha512-gA0Bx759+7Jve03K1S0vkOu5Lg/85dou3EseOGUes8flVOGxbhDDh/iZaoek11Y8mtyKPGF3vP8XhnkDEAmzeg=="],

    "@esbuild/freebsd-x64": ["@esbuild/freebsd-x64@0.25.12", "", { "os": "freebsd", "cpu": "x64" }, "sha512-TGbO26Yw2xsHzxtbVFGEXBFH0FRAP7gtcPE7P5yP7wGy7cXK2oO7RyOhL5NLiqTlBh47XhmIUXuGciXEqYFfBQ=="],

    "@esbuild/linux-arm": ["@esbuild/linux-arm@0.25.12", "", { "os": "linux", "cpu": "arm" }, "sha512-lPDGyC1JPDou8kGcywY0YILzWlhhnRjdof3UlcoqYmS9El818LLfJJc3PXXgZHrHCAKs/Z2SeZtDJr5MrkxtOw=="],

    "@esbuild/linux-arm64": ["@esbuild/linux-arm64@0.25.12", "", { "os": "linux", "cpu": "arm64" }, "sha512-8bwX7a8FghIgrupcxb4aUmYDLp8pX06rGh5HqDT7bB+8Rdells6mHvrFHHW2JAOPZUbnjUpKTLg6ECyzvas2AQ=="],

    "@esbuild/linux-ia32": ["@esbuild/linux-ia32@0.25.12", "", { "os": "linux", "cpu": "ia32" }, "sha512-0y9KrdVnbMM2/vG8KfU0byhUN+EFCny9+8g202gYqSSVMonbsCfLjUO+rCci7pM0WBEtz+oK/PIwHkzxkyharA=="],

    "@esbuild/linux-loong64": ["@esbuild/linux-loong64@0.25.12", "", { "os": "linux", "cpu": "none" }, "sha512-h///Lr5a9rib/v1GGqXVGzjL4TMvVTv+s1DPoxQdz7l/AYv6LDSxdIwzxkrPW438oUXiDtwM10o9PmwS/6Z0Ng=="],

    "@esbuild/linux-mips64el": ["@esbuild/linux-mips64el@0.25.12", "", { "os": "linux", "cpu": "none" }, "sha512-iyRrM1Pzy9GFMDLsXn1iHUm18nhKnNMWscjmp4+hpafcZjrr2WbT//d20xaGljXDBYHqRcl8HnxbX6uaA/eGVw=="],

    "@esbuild/linux-ppc64": ["@esbuild/linux-ppc64@0.25.12", "", { "os": "linux", "cpu": "ppc64" }, "sha512-9meM/lRXxMi5PSUqEXRCtVjEZBGwB7P/D4yT8UG/mwIdze2aV4Vo6U5gD3+RsoHXKkHCfSxZKzmDssVlRj1QQA=="],

    "@esbuild/linux-riscv64": ["@esbuild/linux-riscv64@0.25.12", "", { "os": "linux", "cpu": "none" }, "sha512-Zr7KR4hgKUpWAwb1f3o5ygT04MzqVrGEGXGLnj15YQDJErYu/BGg+wmFlIDOdJp0PmB0lLvxFIOXZgFRrdjR0w=="],

    "@esbuild/linux-s390x": ["@esbuild/linux-s390x@0.25.12", "", { "os": "linux", "cpu": "s390x" }, "sha512-MsKncOcgTNvdtiISc/jZs/Zf8d0cl/t3gYWX8J9ubBnVOwlk65UIEEvgBORTiljloIWnBzLs4qhzPkJcitIzIg=="],

    "@esbuild/linux-x64": ["@esbuild/linux-x64@0.25.12", "", { "os": "linux", "cpu": "x64" }, "sha512-uqZMTLr/zR/ed4jIGnwSLkaHmPjOjJvnm6TVVitAa08SLS9Z0VM8wIRx7gWbJB5/J54YuIMInDquWyYvQLZkgw=="],

    "@esbuild/netbsd-arm64": ["@esbuild/netbsd-arm64@0.25.12", "", { "os": "none", "cpu": "arm64" }, "sha512-xXwcTq4GhRM7J9A8Gv5boanHhRa/Q9KLVmcyXHCTaM4wKfIpWkdXiMog/KsnxzJ0A1+nD+zoecuzqPmCRyBGjg=="],

    "@esbuild/netbsd-x64": ["@esbuild/netbsd-x64@0.25.12", "", { "os": "none", "cpu": "x64" }, "sha512-Ld5pTlzPy3YwGec4OuHh1aCVCRvOXdH8DgRjfDy/oumVovmuSzWfnSJg+VtakB9Cm0gxNO9BzWkj6mtO1FMXkQ=="],

    "@esbuild/openbsd-arm64": ["@esbuild/openbsd-arm64@0.25.12", "", { "os": "openbsd", "cpu": "arm64" }, "sha512-fF96T6KsBo/pkQI950FARU9apGNTSlZGsv1jZBAlcLL1MLjLNIWPBkj5NlSz8aAzYKg+eNqknrUJ24QBybeR5A=="],

    "@esbuild/openbsd-x64": ["@esbuild/openbsd-x64@0.25.12", "", { "os": "openbsd", "cpu": "x64" }, "sha512-MZyXUkZHjQxUvzK7rN8DJ3SRmrVrke8ZyRusHlP+kuwqTcfWLyqMOE3sScPPyeIXN/mDJIfGXvcMqCgYKekoQw=="],

    "@esbuild/openharmony-arm64": ["@esbuild/openharmony-arm64@0.25.12", "", { "os": "none", "cpu": "arm64" }, "sha512-rm0YWsqUSRrjncSXGA7Zv78Nbnw4XL6/dzr20cyrQf7ZmRcsovpcRBdhD43Nuk3y7XIoW2OxMVvwuRvk9XdASg=="],

    "@esbuild/sunos-x64": ["@esbuild/sunos-x64@0.25.12", "", { "os": "sunos", "cpu": "x64" }, "sha512-3wGSCDyuTHQUzt0nV7bocDy72r2lI33QL3gkDNGkod22EsYl04sMf0qLb8luNKTOmgF/eDEDP5BFNwoBKH441w=="],

    "@esbuild/win32-arm64": ["@esbuild/win32-arm64@0.25.12", "", { "os": "win32", "cpu": "arm64" }, "sha512-rMmLrur64A7+DKlnSuwqUdRKyd3UE7oPJZmnljqEptesKM8wx9J8gx5u0+9Pq0fQQW8vqeKebwNXdfOyP+8Bsg=="],

    "@esbuild/win32-ia32": ["@esbuild/win32-ia32@0.25.12", "", { "os": "win32", "cpu": "ia32" }, "sha512-HkqnmmBoCbCwxUKKNPBixiWDGCpQGVsrQfJoVGYLPT41XWF8lHuE5N6WhVia2n4o5QK5M4tYr21827fNhi4byQ=="],

    "@esbuild/win32-x64": ["@esbuild/win32-x64@0.25.12", "", { "os": "win32", "cpu": "x64" }, "sha512-alJC0uCZpTFrSL0CCDjcgleBXPnCrEAhTBILpeAp7M/OFgoqtAetfBzX0xM00MUsVVPpVjlPuMbREqnZCXaTnA=="],

    "@jridgewell/gen-mapping": ["@jridgewell/gen-mapping@0.3.13", "", { "dependencies": { "@jridgewell/sourcemap-codec": "^1.5.0", "@jridgewell/trace-mapping": "^0.3.24" } }, "sha512-2kkt/7niJ6MgEPxF0bYdQ6etZaA+fQvDcLKckhy1yIQOzaoKjBBjSj63/aLVjYE3qhRt5dvM+uUyfCg6UKCBbA=="],

    "@jridgewell/remapping": ["@jridgewell/remapping@2.3.5", "", { "dependencies": { "@jridgewell/gen-mapping": "^0.3.5", "@jridgewell/trace-mapping": "^0.3.24" } }, "sha512-LI9u/+laYG4Ds1TDKSJW2YPrIlcVYOwi2fUC6xB43lueCjgxV4lffOCZCtYFiH6TNOX+tQKXx97T4IKHbhyHEQ=="],

    "@jridgewell/resolve-uri": ["@jridgewell/resolve-uri@3.1.2", "", {}, "sha512-bRISgCIjP20/tbWSPWMEi54QVPRZExkuD9lJL+UIxUKtwVJA8wW1Trb1jMs1RFXo1CBTNZ/5hpC9QvmKWdopKw=="],

    "@jridgewell/sourcemap-codec": ["@jridgewell/sourcemap-codec@1.5.5", "", {}, "sha512-cYQ9310grqxueWbl+WuIUIaiUaDcj7WOq5fVhEljNVgRfOUhY9fy2zTvfoqWsnebh8Sl70VScFbICvJnLKB0Og=="],

    "@jridgewell/trace-mapping": ["@jridgewell/trace-mapping@0.3.31", "", { "dependencies": { "@jridgewell/resolve-uri": "^3.1.0", "@jridgewell/sourcemap-codec": "^1.4.14" } }, "sha512-zzNR+SdQSDJzc8joaeP8QQoCQr8NuYx2dIIytl1QeBEZHJ9uW6hebsrYgbz8hJwUQao3TWCMtmfV8Nu1twOLAw=="],

    "@polka/url": ["@polka/url@1.0.0-next.29", "", {}, "sha512-wwQAWhWSuHaag8c4q/KN/vCoeOJYshAIvMQwD4GpSb3OiZklFfvAgmj0VCBBImRpuF/aFgIRzllXlVX93Jevww=="],

    "@rollup/plugin-commonjs": ["@rollup/plugin-commonjs@29.0.3", "", { "dependencies": { "@rollup/pluginutils": "^5.0.1", "commondir": "^1.0.1", "estree-walker": "^2.0.2", "fdir": "^6.2.0", "is-reference": "1.2.1", "magic-string": "^0.30.3", "picomatch": "^4.0.2" }, "peerDependencies": { "rollup": "^2.68.0||^3.0.0||^4.0.0" }, "optionalPeers": ["rollup"] }, "sha512-ZaOxZceP7SOUW7Lqw5IRVweSQYWaeIPnXIGLiB690EBA3FGJTO40EEr2L5yZplJWsgTCogILRSpcAe7+U0Otdg=="],

    "@rollup/plugin-json": ["@rollup/plugin-json@6.1.0", "", { "dependencies": { "@rollup/pluginutils": "^5.1.0" }, "peerDependencies": { "rollup": "^1.20.0||^2.0.0||^3.0.0||^4.0.0" }, "optionalPeers": ["rollup"] }, "sha512-EGI2te5ENk1coGeADSIwZ7G2Q8CJS2sF120T7jLw4xFw9n7wIOXHo+kIYRAoVpJAN+kmqZSoO3Fp4JtoNF4ReA=="],

    "@rollup/plugin-node-resolve": ["@rollup/plugin-node-resolve@16.0.3", "", { "dependencies": { "@rollup/pluginutils": "^5.0.1", "@types/resolve": "1.20.2", "deepmerge": "^4.2.2", "is-module": "^1.0.0", "resolve": "^1.22.1" }, "peerDependencies": { "rollup": "^2.78.0||^3.0.0||^4.0.0" }, "optionalPeers": ["rollup"] }, "sha512-lUYM3UBGuM93CnMPG1YocWu7X802BrNF3jW2zny5gQyLQgRFJhV1Sq0Zi74+dh/6NBx1DxFC4b4GXg9wUCG5Qg=="],

    "@rollup/plugin-replace": ["@rollup/plugin-replace@6.0.3", "", { "dependencies": { "@rollup/pluginutils": "^5.0.1", "magic-string": "^0.30.3" }, "peerDependencies": { "rollup": "^1.20.0||^2.0.0||^3.0.0||^4.0.0" }, "optionalPeers": ["rollup"] }, "sha512-J4RZarRvQAm5IF0/LwUUg+obsm+xZhYnbMXmXROyoSE1ATJe3oXSb9L5MMppdxP2ylNSjv6zFBwKYjcKMucVfA=="],

    "@rollup/pluginutils": ["@rollup/pluginutils@5.4.0", "", { "dependencies": { "@types/estree": "^1.0.0", "estree-walker": "^2.0.2", "picomatch": "^4.0.2" }, "peerDependencies": { "rollup": "^1.20.0||^2.0.0||^3.0.0||^4.0.0" }, "optionalPeers": ["rollup"] }, "sha512-MfPp06CjRLfXQ3wY0R8vJDYBy/MvVcc9OulEfR0B8Iv9ko+GCNaRZ+EpJYFl27LhKsZK0o420sYCRHCjfCgeUg=="],

    "@rollup/rollup-android-arm-eabi": ["@rollup/rollup-android-arm-eabi@4.62.3", "", { "os": "android", "cpu": "arm" }, "sha512-c0wdcekXtQvvn5Tsrk/+op/gUArrbWaFduBnTLP2l1cKLSQs4diMWjJw3m6A0DdzT8dAAX95KpkJ3qynCePbmw=="],

    "@rollup/rollup-android-arm64": ["@rollup/rollup-android-arm64@4.62.3", "", { "os": "android", "cpu": "arm64" }, "sha512-3YjElDdWN+qXAFbJ/CzPV+0wspLqh54k/I6GfdYtEJRqg7buSgc1yPM3B+93j1M4neobtkATHZTmxK2AMVGfnA=="],

    "@rollup/rollup-darwin-arm64": ["@rollup/rollup-darwin-arm64@4.62.3", "", { "os": "darwin", "cpu": "arm64" }, "sha512-Pch2pFNOxxz1hTjypIdPyRTR6riiwRl84+VcN9djS680fw+Co1nAJINrdpqp7KV0NvyuU8ilZXZCjd7ykJl1GQ=="],

    "@rollup/rollup-darwin-x64": ["@rollup/rollup-darwin-x64@4.62.3", "", { "os": "darwin", "cpu": "x64" }, "sha512-LEuncFUHFiF8t4yZVZvvZA1wk0pjAscRnsrn1EfTEmN4HXotBi2YtcnLRyaK6UbuczW7xZS5ES+81Rdz8Z0T6g=="],

    "@rollup/rollup-freebsd-arm64": ["@rollup/rollup-freebsd-arm64@4.62.3", "", { "os": "freebsd", "cpu": "arm64" }, "sha512-zvBUvsQUpOWALdDsk6qbS8bXf2VxmPisuudNDrY7x0p0jBdsoZl8HsHczIOgkQiZldmcacMKtBzpoGVNeIe2bQ=="],

    "@rollup/rollup-freebsd-x64": ["@rollup/rollup-freebsd-x64@4.62.3", "", { "os": "freebsd", "cpu": "x64" }, "sha512-C2KmNrcSem/AMg984H/dev+si0lieQGdXdR/lYGJnuumXnFb9Y7QdiI62obFdLlxRYLBv4P0eUVIDbD4c1vVvw=="],

    "@rollup/rollup-linux-arm-gnueabihf": ["@rollup/rollup-linux-arm-gnueabihf@4.62.3", "", { "os": "linux", "cpu": "arm" }, "sha512-ggXnsTAEzNQx74XpunRsiZ9aBZDsI7XIa0hm2nzR9f4WzH5/f/d73ZSDaC5ejJ8YLY4NW+V3wr0tjOaeCq8hqA=="],

    "@rollup/rollup-linux-arm-musleabihf": ["@rollup/rollup-linux-arm-musleabihf@4.62.3", "", { "os": "linux", "cpu": "arm" }, "sha512-2vng+FlzNUhKZxtej3IUqJgbZoQk2M/dwQM20+ULV0R/E/8tr9/P6uEf2iiGIk4HL0zMKh5Jry7mUHdUOvyGgA=="],

    "@rollup/rollup-linux-arm64-gnu": ["@rollup/rollup-linux-arm64-gnu@4.62.3", "", { "os": "linux", "cpu": "arm64" }, "sha512-LLLFZKt4/Nraf9rxDkhiU8QVgLF4WmCkfr0L4fj0fPfIZFBib0DeiFk1hhaYKd03LFAFJcxHslhDFlNJLylf5Q=="],

    "@rollup/rollup-linux-arm64-musl": ["@rollup/rollup-linux-arm64-musl@4.62.3", "", { "os": "linux", "cpu": "arm64" }, "sha512-WJkdQCvS9sWNOUBJZfQRKpZGFBztRzcowI+nndmflKgU4XY+3a420FgTOSKTsVqJbnzSxeT4vaJalpOaPo2YCQ=="],

    "@rollup/rollup-linux-loong64-gnu": ["@rollup/rollup-linux-loong64-gnu@4.62.3", "", { "os": "linux", "cpu": "none" }, "sha512-PwHXCCS2n64/1Ot6rP1YEYA02MGYBcQlr8CSZZyrUG2O7NH6NklYmvr9v3Jy+5e/eDeNchc/ukmKJi9LuflMIQ=="],

    "@rollup/rollup-linux-loong64-musl": ["@rollup/rollup-linux-loong64-musl@4.62.3", "", { "os": "linux", "cpu": "none" }, "sha512-vUjxINQu3RC8NZS3ykk1gN65gIz8pAopOq2HXuZhiIxHdx7TFvDG+jgrdSgInu1Eza4/Rfi2VzZgyIgEH4WOaw=="],

    "@rollup/rollup-linux-ppc64-gnu": ["@rollup/rollup-linux-ppc64-gnu@4.62.3", "", { "os": "linux", "cpu": "ppc64" }, "sha512-wzko4aJ13+0G3kGnviCg5gnXFKd40izKsrf2uOw12US4XqprkDrmwOpeW14aSNa37V8bfPcz5Fkob6LZ3BAPmA=="],

    "@rollup/rollup-linux-ppc64-musl": ["@rollup/rollup-linux-ppc64-musl@4.62.3", "", { "os": "linux", "cpu": "ppc64" }, "sha512-8120ue0JUMSwy11stlwnfdX3pPd+WZYGCDBwEHWtIHi6pOpZmsEF5QKB7a/UN+XFdqvobxz98kv8RTqikyCEBw=="],

    "@rollup/rollup-linux-riscv64-gnu": ["@rollup/rollup-linux-riscv64-gnu@4.62.3", "", { "os": "linux", "cpu": "none" }, "sha512-XLFHnR3tXMjbOCh2vtVJHmxt+995uJsTERQyseFDRA0xxMxyTZPLa3OIUlyFaO4mF/Lu0FjmWHCuPXJT1n/IOg=="],

    "@rollup/rollup-linux-riscv64-musl": ["@rollup/rollup-linux-riscv64-musl@4.62.3", "", { "os": "linux", "cpu": "none" }, "sha512-se6yXvNGMIl0f+RQzyh7XAmia8/9kplQx424wnG2w0C1oi6XgO6Y8otKhdXFHbHs88Ihavzmvh1NWjuovE76BQ=="],

    "@rollup/rollup-linux-s390x-gnu": ["@rollup/rollup-linux-s390x-gnu@4.62.3", "", { "os": "linux", "cpu": "s390x" }, "sha512-gNoxRefktVIiGflpONuxWWXZAzIQG++z9qHO3xKwk4WdDMuQja3JHGfE1u0i3PfPDyvhypdk+WrgIJqLhGG7sg=="],

    "@rollup/rollup-linux-x64-gnu": ["@rollup/rollup-linux-x64-gnu@4.62.3", "", { "os": "linux", "cpu": "x64" }, "sha512-V4KtWtQfAFMU7+9/A/VDps/VI8CHd3cYz0L8sgJzz8qK7eY7wI4ruFD82UYIYvW9Z4DtlTfhQcsl4XyPHW5uSg=="],

    "@rollup/rollup-linux-x64-musl": ["@rollup/rollup-linux-x64-musl@4.62.3", "", { "os": "linux", "cpu": "x64" }, "sha512-LBx9LYXvj2CBkMkjLdNAWLwH0MLMin7do2VcVo9kVPibGLkY0BQQut2fv7NVqkXqZ/CrAu9LqDHVV1xHCMpCPw=="],

    "@rollup/rollup-openbsd-x64": ["@rollup/rollup-openbsd-x64@4.62.3", "", { "os": "openbsd", "cpu": "x64" }, "sha512-ABVf3Q0RCu7NcyCCOZQI0pJ3GuSdfSl8EXcy88QtdceIMIoCUdfhsJChZ64L9zVM2aJHjde1Bhn5uqSRcX9ySA=="],

    "@rollup/rollup-openharmony-arm64": ["@rollup/rollup-openharmony-arm64@4.62.3", "", { "os": "none", "cpu": "arm64" }, "sha512-+2Cy/ldweGBLlPIKsQLF8U5N44a0KDdbrk1rAjHOM9M2K+kGdIVjHLmmrZIcx+9Ny3ke/1JomCsDI1ocb11+sg=="],

    "@rollup/rollup-win32-arm64-msvc": ["@rollup/rollup-win32-arm64-msvc@4.62.3", "", { "os": "win32", "cpu": "arm64" }, "sha512-dtZvzc8BedpSaFNy75x6uiWwAGTH+aZHDtdrqP6qk+WcLJrfti6sGje1ZJ9UxyzDLF23d/mV+PaMwuC0hL7UVA=="],

    "@rollup/rollup-win32-ia32-msvc": ["@rollup/rollup-win32-ia32-msvc@4.62.3", "", { "os": "win32", "cpu": "ia32" }, "sha512-Rj8Ra4noo+aYy7sKBggCx0407mws34kAb1ySyWuq5DAtFBQdkSwnsjCgPrhPe9cvgBKZIukpE+CVHvORCS93kQ=="],

    "@rollup/rollup-win32-x64-gnu": ["@rollup/rollup-win32-x64-gnu@4.62.3", "", { "os": "win32", "cpu": "x64" }, "sha512-vp7N084ew/odXn2gi/mzm9mUkQu9l6AiN6dt4IeUM2Uvm9o+cVmP+YkqbMOteLbiGgqBBlJZjIMYVCfOOIVbVQ=="],

    "@rollup/rollup-win32-x64-msvc": ["@rollup/rollup-win32-x64-msvc@4.62.3", "", { "os": "win32", "cpu": "x64" }, "sha512-MOG/3gTOn4Fwf574RVOaY61I5o6P90legkFADiTyn1hyjNydT+cerU2rLUwPdZkKKyJ+iT+K9p7WXK4LM1Ka6g=="],

    "@solana-program/system": ["@solana-program/system@0.8.1", "", { "peerDependencies": { "@solana/kit": "^3.0" } }, "sha512-71U9Mzdpw8HQtfgfJSL5xKZbLMRnza2Llsfk7gGnmg2waqK+o8MMH4YNma8xXS1UmOBptXIiNvoZ3p7cmOVktg=="],

    "@solana-program/token": ["@solana-program/token@0.6.0", "", { "peerDependencies": { "@solana/kit": "^3.0" } }, "sha512-omkZh4Tt9rre4wzWHNOhOEHyenXQku3xyc/UrKvShexA/Qlhza67q7uRwmwEDUs4QqoDBidSZPooOmepnA/jig=="],

    "@solana/accounts": ["@solana/accounts@3.0.3", "", { "dependencies": { "@solana/addresses": "3.0.3", "@solana/codecs-core": "3.0.3", "@solana/codecs-strings": "3.0.3", "@solana/errors": "3.0.3", "@solana/rpc-spec": "3.0.3", "@solana/rpc-types": "3.0.3" }, "peerDependencies": { "typescript": ">=5.3.3" } }, "sha512-KqlePrlZaHXfu8YQTCxN204ZuVm9o68CCcUr6l27MG2cuRUtEM1Ta0iR8JFkRUAEfZJC4Cu0ZDjK/v49loXjZQ=="],

    "@solana/addresses": ["@solana/addresses@3.0.3", "", { "dependencies": { "@solana/assertions": "3.0.3", "@solana/codecs-core": "3.0.3", "@solana/codecs-strings": "3.0.3", "@solana/errors": "3.0.3", "@solana/nominal-types": "3.0.3" }, "peerDependencies": { "typescript": ">=5.3.3" } }, "sha512-AuMwKhJI89ANqiuJ/fawcwxNKkSeHH9CApZd2xelQQLS7X8uxAOovpcmEgiObQuiVP944s9ScGUT62Bdul9qYg=="],

    "@solana/assertions": ["@solana/assertions@3.0.3", "", { "dependencies": { "@solana/errors": "3.0.3" }, "peerDependencies": { "typescript": ">=5.3.3" } }, "sha512-2qspxdbWp2y62dfCIlqeWQr4g+hE8FYSSwcaP6itwMwGRb8393yDGCJfI/znuzJh6m/XVWhMHIgFgsBwnevCmg=="],

    "@solana/codecs": ["@solana/codecs@3.0.3", "", { "dependencies": { "@solana/codecs-core": "3.0.3", "@solana/codecs-data-structures": "3.0.3", "@solana/codecs-numbers": "3.0.3", "@solana/codecs-strings": "3.0.3", "@solana/options": "3.0.3" }, "peerDependencies": { "typescript": ">=5.3.3" } }, "sha512-GOHwTlIQsCoJx9Ryr6cEf0FHKAQ7pY4aO4xgncAftrv0lveTQ1rPP2inQ1QT0gJllsIa8nwbfXAADs9nNJxQDA=="],

    "@solana/codecs-core": ["@solana/codecs-core@3.0.3", "", { "dependencies": { "@solana/errors": "3.0.3" }, "peerDependencies": { "typescript": ">=5.3.3" } }, "sha512-emKykJ3h1DmnDOY29Uv9eJXP8E/FHzvlUBJ6te+5EbKdFjj7vdlKYPfDxOI6iGdXTY+YC/ELtbNBh6QwF2uEDQ=="],

    "@solana/codecs-data-structures": ["@solana/codecs-data-structures@3.0.3", "", { "dependencies": { "@solana/codecs-core": "3.0.3", "@solana/codecs-numbers": "3.0.3", "@solana/errors": "3.0.3" }, "peerDependencies": { "typescript": ">=5.3.3" } }, "sha512-R15cLp8riJvToXziW8lP6AMSwsztGhEnwgyGmll32Mo0Yjq+hduW2/fJrA/TJs6tA/OgTzMQjlxgk009EqZHCw=="],

    "@solana/codecs-numbers": ["@solana/codecs-numbers@3.0.3", "", { "dependencies": { "@solana/codecs-core": "3.0.3", "@solana/errors": "3.0.3" }, "peerDependencies": { "typescript": ">=5.3.3" } }, "sha512-pfXkH9J0glrM8qj6389GAn30+cJOxzXLR2FsPOHCUMXrqLhGjMMZAWhsQkpOQ37SGc/7EiQsT/gmyGC7gxHqJQ=="],

    "@solana/codecs-strings": ["@solana/codecs-strings@3.0.3", "", { "dependencies": { "@solana/codecs-core": "3.0.3", "@solana/codecs-numbers": "3.0.3", "@solana/errors": "3.0.3" }, "peerDependencies": { "fastestsmallesttextencoderdecoder": "^1.0.22", "typescript": ">=5.3.3" } }, "sha512-VHBXnnTVtcQ1j+7Vrz+qSYo38no+jiHRdGnhFspRXEHNJbllzwKqgBE7YN3qoIXH+MKxgJUcwO5KHmdzf8Wn2A=="],

    "@solana/errors": ["@solana/errors@3.0.3", "", { "dependencies": { "chalk": "5.6.2", "commander": "14.0.0" }, "peerDependencies": { "typescript": ">=5.3.3" }, "bin": { "errors": "bin/cli.mjs" } }, "sha512-1l84xJlHNva6io62PcYfUamwWlc0eM95nHgCrKX0g0cLoC6D6QHYPCEbEVkR+C5UtP9JDgyQM8MFiv+Ei5tO9Q=="],

    "@solana/fast-stable-stringify": ["@solana/fast-stable-stringify@3.0.3", "", { "peerDependencies": { "typescript": ">=5.3.3" } }, "sha512-ED0pxB6lSEYvg+vOd5hcuQrgzEDnOrURFgp1ZOY+lQhJkQU6xo+P829NcJZQVP1rdU2/YQPAKJKEseyfe9VMIw=="],

    "@solana/functional": ["@solana/functional@3.0.3", "", { "peerDependencies": { "typescript": ">=5.3.3" } }, "sha512-2qX1kKANn8995vOOh5S9AmF4ItGZcfbny0w28Eqy8AFh+GMnSDN4gqpmV2LvxBI9HibXZptGH3RVOMk82h1Mpw=="],

    "@solana/instruction-plans": ["@solana/instruction-plans@3.0.3", "", { "dependencies": { "@solana/errors": "3.0.3", "@solana/instructions": "3.0.3", "@solana/promises": "3.0.3", "@solana/transaction-messages": "3.0.3", "@solana/transactions": "3.0.3" }, "peerDependencies": { "typescript": ">=5.3.3" } }, "sha512-eqoaPtWtmLTTpdvbt4BZF5H6FIlJtXi9H7qLOM1dLYonkOX2Ncezx5NDCZ9tMb2qxVMF4IocYsQnNSnMfjQF1w=="],

    "@solana/instructions": ["@solana/instructions@3.0.3", "", { "dependencies": { "@solana/codecs-core": "3.0.3", "@solana/errors": "3.0.3" }, "peerDependencies": { "typescript": ">=5.3.3" } }, "sha512-4csIi8YUDb5j/J+gDzmYtOvq7ZWLbCxj4t0xKn+fPrBk/FD2pK29KVT3Fu7j4Lh1/ojunQUP9X4NHwUexY3PnA=="],

    "@solana/keys": ["@solana/keys@3.0.3", "", { "dependencies": { "@solana/assertions": "3.0.3", "@solana/codecs-core": "3.0.3", "@solana/codecs-strings": "3.0.3", "@solana/errors": "3.0.3", "@solana/nominal-types": "3.0.3" }, "peerDependencies": { "typescript": ">=5.3.3" } }, "sha512-tp8oK9tMadtSIc4vF4aXXWkPd4oU5XPW8nf28NgrGDWGt25fUHIydKjkf2hPtMt9i1WfRyQZ33B5P3dnsNqcPQ=="],

    "@solana/kit": ["@solana/kit@3.0.3", "", { "dependencies": { "@solana/accounts": "3.0.3", "@solana/addresses": "3.0.3", "@solana/codecs": "3.0.3", "@solana/errors": "3.0.3", "@solana/functional": "3.0.3", "@solana/instruction-plans": "3.0.3", "@solana/instructions": "3.0.3", "@solana/keys": "3.0.3", "@solana/programs": "3.0.3", "@solana/rpc": "3.0.3", "@solana/rpc-parsed-types": "3.0.3", "@solana/rpc-spec-types": "3.0.3", "@solana/rpc-subscriptions": "3.0.3", "@solana/rpc-types": "3.0.3", "@solana/signers": "3.0.3", "@solana/sysvars": "3.0.3", "@solana/transaction-confirmation": "3.0.3", "@solana/transaction-messages": "3.0.3", "@solana/transactions": "3.0.3" }, "peerDependencies": { "typescript": ">=5.3.3" } }, "sha512-CEEhCDmkvztd1zbgADsEQhmj9GyWOOGeW1hZD+gtwbBSF5YN1uofS/pex5MIh/VIqKRj+A2UnYWI1V+9+q/lyQ=="],

    "@solana/nominal-types": ["@solana/nominal-types@3.0.3", "", { "peerDependencies": { "typescript": ">=5.3.3" } }, "sha512-aZavCiexeUAoMHRQg4s1AHkH3wscbOb70diyfjhwZVgFz1uUsFez7csPp9tNFkNolnadVb2gky7yBk3IImQJ6A=="],

    "@solana/options": ["@solana/options@3.0.3", "", { "dependencies": { "@solana/codecs-core": "3.0.3", "@solana/codecs-data-structures": "3.0.3", "@solana/codecs-numbers": "3.0.3", "@solana/codecs-strings": "3.0.3", "@solana/errors": "3.0.3" }, "peerDependencies": { "typescript": ">=5.3.3" } }, "sha512-jarsmnQ63RN0JPC5j9sgUat07NrL9PC71XU7pUItd6LOHtu4+wJMio3l5mT0DHVfkfbFLL6iI6+QmXSVhTNF3g=="],

    "@solana/programs": ["@solana/programs@3.0.3", "", { "dependencies": { "@solana/addresses": "3.0.3", "@solana/errors": "3.0.3" }, "peerDependencies": { "typescript": ">=5.3.3" } }, "sha512-JZlVE3/AeSNDuH3aEzCZoDu8GTXkMpGXxf93zXLzbxfxhiQ/kHrReN4XE/JWZ/uGWbaFZGR5B3UtdN2QsoZL7w=="],

    "@solana/promises": ["@solana/promises@3.0.3", "", { "peerDependencies": { "typescript": ">=5.3.3" } }, "sha512-K+UflGBVxj30XQMHTylHHZJdKH5QG3oj5k2s42GrZ/Wbu72oapVJySMBgpK45+p90t8/LEqV6rRPyTXlet9J+Q=="],

    "@solana/rpc": ["@solana/rpc@3.0.3", "", { "dependencies": { "@solana/errors": "3.0.3", "@solana/fast-stable-stringify": "3.0.3", "@solana/functional": "3.0.3", "@solana/rpc-api": "3.0.3", "@solana/rpc-spec": "3.0.3", "@solana/rpc-spec-types": "3.0.3", "@solana/rpc-transformers": "3.0.3", "@solana/rpc-transport-http": "3.0.3", "@solana/rpc-types": "3.0.3" }, "peerDependencies": { "typescript": ">=5.3.3" } }, "sha512-3oukAaLK78GegkKcm6iNmRnO4mFeNz+BMvA8T56oizoBNKiRVEq/6DFzVX/LkmZ+wvD601pAB3uCdrTPcC0YKQ=="],

    "@solana/rpc-api": ["@solana/rpc-api@3.0.3", "", { "dependencies": { "@solana/addresses": "3.0.3", "@solana/codecs-core": "3.0.3", "@solana/codecs-strings": "3.0.3", "@solana/errors": "3.0.3", "@solana/keys": "3.0.3", "@solana/rpc-parsed-types": "3.0.3", "@solana/rpc-spec": "3.0.3", "@solana/rpc-transformers": "3.0.3", "@solana/rpc-types": "3.0.3", "@solana/transaction-messages": "3.0.3", "@solana/transactions": "3.0.3" }, "peerDependencies": { "typescript": ">=5.3.3" } }, "sha512-Yym9/Ama62OY69rAZgbOCAy1QlqaWAyb0VlqFuwSaZV1pkFCCFSwWEJEsiN1n8pb2ZP+RtwNvmYixvWizx9yvA=="],

    "@solana/rpc-parsed-types": ["@solana/rpc-parsed-types@3.0.3", "", { "peerDependencies": { "typescript": ">=5.3.3" } }, "sha512-/koM05IM2fU91kYDQxXil3VBNlOfcP+gXE0js1sdGz8KonGuLsF61CiKB5xt6u1KEXhRyDdXYLjf63JarL4Ozg=="],

    "@solana/rpc-spec": ["@solana/rpc-spec@3.0.3", "", { "dependencies": { "@solana/errors": "3.0.3", "@solana/rpc-spec-types": "3.0.3" }, "peerDependencies": { "typescript": ">=5.3.3" } }, "sha512-MZn5/8BebB6MQ4Gstw6zyfWsFAZYAyLzMK+AUf/rSfT8tPmWiJ/mcxnxqOXvFup/l6D67U8pyGpIoFqwCeZqqA=="],

    "@solana/rpc-spec-types": ["@solana/rpc-spec-types@3.0.3", "", { "peerDependencies": { "typescript": ">=5.3.3" } }, "sha512-A6Jt8SRRetnN3CeGAvGJxigA9zYRslGgWcSjueAZGvPX+MesFxEUjSWZCfl+FogVFvwkqfkgQZQbPAGZQFJQ6Q=="],

    "@solana/rpc-subscriptions": ["@solana/rpc-subscriptions@3.0.3", "", { "dependencies": { "@solana/errors": "3.0.3", "@solana/fast-stable-stringify": "3.0.3", "@solana/functional": "3.0.3", "@solana/promises": "3.0.3", "@solana/rpc-spec-types": "3.0.3", "@solana/rpc-subscriptions-api": "3.0.3", "@solana/rpc-subscriptions-channel-websocket": "3.0.3", "@solana/rpc-subscriptions-spec": "3.0.3", "@solana/rpc-transformers": "3.0.3", "@solana/rpc-types": "3.0.3", "@solana/subscribable": "3.0.3" }, "peerDependencies": { "typescript": ">=5.3.3" } }, "sha512-LRvz6NaqvtsYFd32KwZ+rwYQ9XCs+DWjV8BvBLsJpt9/NWSuHf/7Sy/vvP6qtKxut692H/TMvHnC4iulg0WmiQ=="],

    "@solana/rpc-subscriptions-api": ["@solana/rpc-subscriptions-api@3.0.3", "", { "dependencies": { "@solana/addresses": "3.0.3", "@solana/keys": "3.0.3", "@solana/rpc-subscriptions-spec": "3.0.3", "@solana/rpc-transformers": "3.0.3", "@solana/rpc-types": "3.0.3", "@solana/transaction-messages": "3.0.3", "@solana/transactions": "3.0.3" }, "peerDependencies": { "typescript": ">=5.3.3" } }, "sha512-MGgVK3PUS15qsjuhimpzGZrKD/CTTvS0mAlQ0Jw84zsr1RJVdQJK/F0igu07BVd172eTZL8d90NoAQ3dahW5pA=="],

    "@solana/rpc-subscriptions-channel-websocket": ["@solana/rpc-subscriptions-channel-websocket@3.0.3", "", { "dependencies": { "@solana/errors": "3.0.3", "@solana/functional": "3.0.3", "@solana/rpc-subscriptions-spec": "3.0.3", "@solana/subscribable": "3.0.3" }, "peerDependencies": { "typescript": ">=5.3.3", "ws": "^8.18.0" } }, "sha512-zUzUlb8Cwnw+SHlsLrSqyBRtOJKGc+FvSNJo/vWAkLShoV0wUDMPv7VvhTngJx3B/3ANfrOZ4i08i9QfYPAvpQ=="],

    "@solana/rpc-subscriptions-spec": ["@solana/rpc-subscriptions-spec@3.0.3", "", { "dependencies": { "@solana/errors": "3.0.3", "@solana/promises": "3.0.3", "@solana/rpc-spec-types": "3.0.3", "@solana/subscribable": "3.0.3" }, "peerDependencies": { "typescript": ">=5.3.3" } }, "sha512-9KpQ32OBJWS85mn6q3gkM0AjQe1LKYlMU7gpJRrla/lvXxNLhI95tz5K6StctpUreVmRWTVkNamHE69uUQyY8A=="],

    "@solana/rpc-transformers": ["@solana/rpc-transformers@3.0.3", "", { "dependencies": { "@solana/errors": "3.0.3", "@solana/functional": "3.0.3", "@solana/nominal-types": "3.0.3", "@solana/rpc-spec-types": "3.0.3", "@solana/rpc-types": "3.0.3" }, "peerDependencies": { "typescript": ">=5.3.3" } }, "sha512-lzdaZM/dG3s19Tsk4mkJA5JBoS1eX9DnD7z62gkDwrwJDkDBzkAJT9aLcsYFfTmwTfIp6uU2UPgGYc97i1wezw=="],

    "@solana/rpc-transport-http": ["@solana/rpc-transport-http@3.0.3", "", { "dependencies": { "@solana/errors": "3.0.3", "@solana/rpc-spec": "3.0.3", "@solana/rpc-spec-types": "3.0.3", "undici-types": "^7.15.0" }, "peerDependencies": { "typescript": ">=5.3.3" } }, "sha512-bIXFwr2LR5A97Z46dI661MJPbHnPfcShBjFzOS/8Rnr8P4ho3j/9EUtjDrsqoxGJT3SLWj5OlyXAlaDAvVTOUQ=="],

    "@solana/rpc-types": ["@solana/rpc-types@3.0.3", "", { "dependencies": { "@solana/addresses": "3.0.3", "@solana/codecs-core": "3.0.3", "@solana/codecs-numbers": "3.0.3", "@solana/codecs-strings": "3.0.3", "@solana/errors": "3.0.3", "@solana/nominal-types": "3.0.3" }, "peerDependencies": { "typescript": ">=5.3.3" } }, "sha512-petWQ5xSny9UfmC3Qp2owyhNU0w9SyBww4+v7tSVyXMcCC9v6j/XsqTeimH1S0qQUllnv0/FY83ohFaxofmZ6Q=="],

    "@solana/signers": ["@solana/signers@3.0.3", "", { "dependencies": { "@solana/addresses": "3.0.3", "@solana/codecs-core": "3.0.3", "@solana/errors": "3.0.3", "@solana/instructions": "3.0.3", "@solana/keys": "3.0.3", "@solana/nominal-types": "3.0.3", "@solana/transaction-messages": "3.0.3", "@solana/transactions": "3.0.3" }, "peerDependencies": { "typescript": ">=5.3.3" } }, "sha512-UwCd/uPYTZiwd283JKVyOWLLN5sIgMBqGDyUmNU3vo9hcmXKv5ZGm/9TvwMY2z35sXWuIOcj7etxJ8OoWc/ObQ=="],

    "@solana/subscribable": ["@solana/subscribable@3.0.3", "", { "dependencies": { "@solana/errors": "3.0.3" }, "peerDependencies": { "typescript": ">=5.3.3" } }, "sha512-FJ27LKGHLQ5GGttPvTOLQDLrrOZEgvaJhB7yYaHAhPk25+p+erBaQpjePhfkMyUbL1FQbxn1SUJmS6jUuaPjlQ=="],

    "@solana/sysvars": ["@solana/sysvars@3.0.3", "", { "dependencies": { "@solana/accounts": "3.0.3", "@solana/codecs": "3.0.3", "@solana/errors": "3.0.3", "@solana/rpc-types": "3.0.3" }, "peerDependencies": { "typescript": ">=5.3.3" } }, "sha512-GnHew+QeKCs2f9ow+20swEJMH4mDfJA/QhtPgOPTYQx/z69J4IieYJ7fZenSHnA//lJ45fVdNdmy1trypvPLBQ=="],

    "@solana/transaction-confirmation": ["@solana/transaction-confirmation@3.0.3", "", { "dependencies": { "@solana/addresses": "3.0.3", "@solana/codecs-strings": "3.0.3", "@solana/errors": "3.0.3", "@solana/keys": "3.0.3", "@solana/promises": "3.0.3", "@solana/rpc": "3.0.3", "@solana/rpc-subscriptions": "3.0.3", "@solana/rpc-types": "3.0.3", "@solana/transaction-messages": "3.0.3", "@solana/transactions": "3.0.3" }, "peerDependencies": { "typescript": ">=5.3.3" } }, "sha512-dXx0OLtR95LMuARgi2dDQlL1QYmk56DOou5q9wKymmeV3JTvfDExeWXnOgjRBBq/dEfj4ugN1aZuTaS18UirFw=="],

    "@solana/transaction-messages": ["@solana/transaction-messages@3.0.3", "", { "dependencies": { "@solana/addresses": "3.0.3", "@solana/codecs-core": "3.0.3", "@solana/codecs-data-structures": "3.0.3", "@solana/codecs-numbers": "3.0.3", "@solana/errors": "3.0.3", "@solana/functional": "3.0.3", "@solana/instructions": "3.0.3", "@solana/nominal-types": "3.0.3", "@solana/rpc-types": "3.0.3" }, "peerDependencies": { "typescript": ">=5.3.3" } }, "sha512-s+6NWRnBhnnjFWV4x2tzBzoWa6e5LiIxIvJlWwVQBFkc8fMGY04w7jkFh0PM08t/QFKeXBEWkyBDa/TFYdkWug=="],

    "@solana/transactions": ["@solana/transactions@3.0.3", "", { "dependencies": { "@solana/addresses": "3.0.3", "@solana/codecs-core": "3.0.3", "@solana/codecs-data-structures": "3.0.3", "@solana/codecs-numbers": "3.0.3", "@solana/codecs-strings": "3.0.3", "@solana/errors": "3.0.3", "@solana/functional": "3.0.3", "@solana/instructions": "3.0.3", "@solana/keys": "3.0.3", "@solana/nominal-types": "3.0.3", "@solana/rpc-types": "3.0.3", "@solana/transaction-messages": "3.0.3" }, "peerDependencies": { "typescript": ">=5.3.3" } }, "sha512-iMX+n9j4ON7H1nKlWEbMqMOpKYC6yVGxKKmWHT1KdLRG7v+03I4DnDeFoI+Zmw56FA+7Bbne8jwwX60Q1vk/MQ=="],

    "@standard-schema/spec": ["@standard-schema/spec@1.1.0", "", {}, "sha512-l2aFy5jALhniG5HgqrD6jXLi/rUWrKvqN/qJx6yoJsgKhblVd+iqqU4RCXavm/jPityDo5TCvKMnpjKnOriy0w=="],

    "@sveltejs/acorn-typescript": ["@sveltejs/acorn-typescript@1.0.11", "", { "peerDependencies": { "acorn": "^8.9.0" } }, "sha512-LFuZUkjJ9iF7JZye/aG5XM0SFcQ5VyL0oVX4WJ9dc0Va3R3s0OauX1BESVCb+YN/ol8TAfqGDDAQsTG627Y5kw=="],

    "@sveltejs/adapter-node": ["@sveltejs/adapter-node@5.5.7", "", { "dependencies": { "@rollup/plugin-commonjs": "^29.0.0", "@rollup/plugin-json": "^6.1.0", "@rollup/plugin-node-resolve": "^16.0.0", "@rollup/plugin-replace": "^6.0.3", "rollup": "^4.59.0" }, "peerDependencies": { "@sveltejs/kit": "^2.4.0" } }, "sha512-uOfc9eVlI3A37RRSaKcgrheBYPrfJwC9VMqDp8x/O6tlKdcLLvHThSWD0KNIbjQ/d+7bwLGx3vx6aowAcRfd2g=="],

    "@sveltejs/kit": ["@sveltejs/kit@2.70.1", "", { "dependencies": { "@standard-schema/spec": "^1.0.0", "@sveltejs/acorn-typescript": "^1.0.9", "@types/cookie": "^0.6.0", "acorn": "^8.16.0", "cookie": "^0.6.0", "devalue": "^5.8.1", "esm-env": "^1.2.2", "kleur": "^4.1.5", "magic-string": "^0.30.5", "mrmime": "^2.0.0", "set-cookie-parser": "^3.0.0", "sirv": "^3.0.0" }, "peerDependencies": { "@opentelemetry/api": "^1.0.0", "@sveltejs/vite-plugin-svelte": "^3.0.0 || ^4.0.0-next.1 || ^5.0.0 || ^6.0.0-next.0 || ^7.0.0", "svelte": "^4.0.0 || ^5.0.0-next.0", "typescript": "^5.3.3 || ^6.0.0", "vite": "^5.0.3 || ^6.0.0 || ^7.0.0-beta.0 || ^8.0.0" }, "optionalPeers": ["@opentelemetry/api", "typescript"], "bin": { "svelte-kit": "svelte-kit.js" } }, "sha512-nY9SPHGOZro3doud9vZXDBwl9tCZIouuJztjgSHs6PAIrv9M/z5O7eOhPV5xU7CgVHA976Jwu3BA1hIFvXztkA=="],

    "@sveltejs/vite-plugin-svelte": ["@sveltejs/vite-plugin-svelte@5.1.1", "", { "dependencies": { "@sveltejs/vite-plugin-svelte-inspector": "^4.0.1", "debug": "^4.4.1", "deepmerge": "^4.3.1", "kleur": "^4.1.5", "magic-string": "^0.30.17", "vitefu": "^1.0.6" }, "peerDependencies": { "svelte": "^5.0.0", "vite": "^6.0.0" } }, "sha512-Y1Cs7hhTc+a5E9Va/xwKlAJoariQyHY+5zBgCZg4PFWNYQ1nMN9sjK1zhw1gK69DuqVP++sht/1GZg1aRwmAXQ=="],

    "@sveltejs/vite-plugin-svelte-inspector": ["@sveltejs/vite-plugin-svelte-inspector@4.0.1", "", { "dependencies": { "debug": "^4.3.7" }, "peerDependencies": { "@sveltejs/vite-plugin-svelte": "^5.0.0", "svelte": "^5.0.0", "vite": "^6.0.0" } }, "sha512-J/Nmb2Q2y7mck2hyCX4ckVHcR5tu2J+MtBEQqpDrrgELZ2uvraQcK/ioCV61AqkdXFgriksOKIceDcQmqnGhVw=="],

    "@types/cookie": ["@types/cookie@0.6.0", "", {}, "sha512-4Kh9a6B2bQciAhf7FSuMRRkUWecJgJu9nPnx3yzpsfXX/c50REIqpHY4C82bXP90qrLtXtkDxTZosYO3UpOwlA=="],

    "@types/estree": ["@types/estree@1.0.9", "", {}, "sha512-GhdPgy1el4/ImP05X05Uw4cw2/M93BCUmnEvWZNStlCzEKME4Fkk+YpoA5OiHNQmoS7Cafb8Xa3Pya8m1Qrzeg=="],

    "@types/resolve": ["@types/resolve@1.20.2", "", {}, "sha512-60BCwRFOZCQhDncwQdxxeOEEkbc5dIMccYLwbxsS4TUNeVECQ/pBJ0j09mrHOl/JJvpRPGwO9SvE4nR2Nb/a4Q=="],

    "@types/trusted-types": ["@types/trusted-types@2.0.7", "", {}, "sha512-ScaPdn1dQczgbl0QFTeTOmVHFULt394XJgOQNoyVhZ6r2vLnMLJfBPd53SB52T/3G36VI1/g2MZaX0cwDuXsfw=="],

    "acorn": ["acorn@8.17.0", "", { "bin": { "acorn": "bin/acorn" } }, "sha512-xRQbDb9BnwDafYNn6Vwl839DYVjqXYb1XVGtWAZ1kcDc6iwAL4hg3B1dZlRiuENFeO2H53gFG3in621AdERVAg=="],

    "aria-query": ["aria-query@5.3.1", "", {}, "sha512-Z/ZeOgVl7bcSYZ/u/rh0fOpvEpq//LZmdbkXyc7syVzjPAhfOa9ebsdTSjEBDU4vs5nC98Kfduj1uFo0qyET3g=="],

    "axobject-query": ["axobject-query@4.1.0", "", {}, "sha512-qIj0G9wZbMGNLjLmg1PT6v2mE9AH2zlnADJD/2tC6E00hgmhUOfEB6greHPAfLRSufHqROIUTkw6E+M3lH0PTQ=="],

    "chalk": ["chalk@5.6.2", "", {}, "sha512-7NzBL0rN6fMUW+f7A6Io4h40qQlG+xGmtMxfbnH/K7TAtt8JQWVQK+6g0UXKMeVJoyV5EkkNsErQ8pVD3bLHbA=="],

    "clsx": ["clsx@2.1.1", "", {}, "sha512-eYm0QWBtUrBWZWG0d386OGAw16Z995PiOVo2B7bjWSbHedGl5e0ZWaq65kOGgUSNesEIDkB9ISbTg/JK9dhCZA=="],

    "commander": ["commander@14.0.0", "", {}, "sha512-2uM9rYjPvyq39NwLRqaiLtWHyDC1FvryJDa2ATTVims5YAS4PupsEQsDvP14FqhFr0P49CYDugi59xaxJlTXRA=="],

    "commondir": ["commondir@1.0.1", "", {}, "sha512-W9pAhw0ja1Edb5GVdIF1mjZw/ASI0AlShXM83UUGe2DVr5TdAPEA1OA8m/g8zWp9x6On7gqufY+FatDbC3MDQg=="],

    "cookie": ["cookie@0.6.0", "", {}, "sha512-U71cyTamuh1CRNCfpGY6to28lxvNwPG4Guz/EVjgf3Jmzv0vlDp1atT9eS5dDjMYHucpHbWns6Lwf3BKz6svdw=="],

    "debug": ["debug@4.4.3", "", { "dependencies": { "ms": "^2.1.3" } }, "sha512-RGwwWnwQvkVfavKVt22FGLw+xYSdzARwm0ru6DhTVA3umU5hZc28V3kO4stgYryrTlLpuvgI9GiijltAjNbcqA=="],

    "deepmerge": ["deepmerge@4.3.1", "", {}, "sha512-3sUqbMEc77XqpdNO7FRyRog+eW3ph+GYCbj+rK+uYyRMuwsVy0rMiVtPn+QJlKFvWP/1PYpapqYn0Me2knFn+A=="],

    "devalue": ["devalue@5.8.2", "", {}, "sha512-DObPPAfdtFbXjxLqK8s2Xk9ZuWz5+ZoFEhC7J76es4GU/rEiXwHTmbImoCdyoCOcBH1UF3+Cz6Z2sYD4hyl5TA=="],

    "es-errors": ["es-errors@1.3.0", "", {}, "sha512-Zf5H2Kxt2xjTvbJvP2ZWLEICxA6j+hAmMzIlypy4xcBg1vKVnx89Wy0GbS+kf5cwCVFFzdCFh2XSCFNULS6csw=="],

    "esbuild": ["esbuild@0.25.12", "", { "optionalDependencies": { "@esbuild/aix-ppc64": "0.25.12", "@esbuild/android-arm": "0.25.12", "@esbuild/android-arm64": "0.25.12", "@esbuild/android-x64": "0.25.12", "@esbuild/darwin-arm64": "0.25.12", "@esbuild/darwin-x64": "0.25.12", "@esbuild/freebsd-arm64": "0.25.12", "@esbuild/freebsd-x64": "0.25.12", "@esbuild/linux-arm": "0.25.12", "@esbuild/linux-arm64": "0.25.12", "@esbuild/linux-ia32": "0.25.12", "@esbuild/linux-loong64": "0.25.12", "@esbuild/linux-mips64el": "0.25.12", "@esbuild/linux-ppc64": "0.25.12", "@esbuild/linux-riscv64": "0.25.12", "@esbuild/linux-s390x": "0.25.12", "@esbuild/linux-x64": "0.25.12", "@esbuild/netbsd-arm64": "0.25.12", "@esbuild/netbsd-x64": "0.25.12", "@esbuild/openbsd-arm64": "0.25.12", "@esbuild/openbsd-x64": "0.25.12", "@esbuild/openharmony-arm64": "0.25.12", "@esbuild/sunos-x64": "0.25.12", "@esbuild/win32-arm64": "0.25.12", "@esbuild/win32-ia32": "0.25.12", "@esbuild/win32-x64": "0.25.12" }, "bin": { "esbuild": "bin/esbuild" } }, "sha512-bbPBYYrtZbkt6Os6FiTLCTFxvq4tt3JKall1vRwshA3fdVztsLAatFaZobhkBC8/BrPetoa0oksYoKXoG4ryJg=="],

    "esm-env": ["esm-env@1.2.2", "", {}, "sha512-Epxrv+Nr/CaL4ZcFGPJIYLWFom+YeV1DqMLHJoEd9SYRxNbaFruBwfEX/kkHUJf55j2+TUbmDcmuilbP1TmXHA=="],

    "esrap": ["esrap@2.3.0", "", { "dependencies": { "@jridgewell/sourcemap-codec": "^1.4.15" }, "peerDependencies": { "@typescript-eslint/types": "^8.2.0" }, "optionalPeers": ["@typescript-eslint/types"] }, "sha512-GQ/7RN8uOtEfNpzZzBMTzW9JBcX42oaSVtPzdF+6cEL8pqIL094iUpr9jzYGn4O4P/1S60dJ6izyT8F4LYARng=="],

    "estree-walker": ["estree-walker@2.0.2", "", {}, "sha512-Rfkk/Mp/DL7JVje3u18FxFujQlTNR2q6QfMSMB7AvCBx91NGj/ba3kCfza0f6dVDbw7YlRf/nDrn7pQrCCyQ/w=="],

    "fastestsmallesttextencoderdecoder": ["fastestsmallesttextencoderdecoder@1.0.22", "", {}, "sha512-Pb8d48e+oIuY4MaM64Cd7OW1gt4nxCHs7/ddPPZ/Ic3sg8yVGM7O9wDvZ7us6ScaUupzM+pfBolwtYhN1IxBIw=="],

    "fdir": ["fdir@6.5.0", "", { "peerDependencies": { "picomatch": "^3 || ^4" }, "optionalPeers": ["picomatch"] }, "sha512-tIbYtZbucOs0BRGqPJkshJUYdL+SDH7dVM8gjy+ERp3WAUjLEFJE+02kanyHtwjWOnwrKYBiwAmM0p4kLJAnXg=="],

    "fsevents": ["fsevents@2.3.3", "", { "os": "darwin" }, "sha512-5xoDfX+fL7faATnagmWPpbFtwh/R77WmMMqqHGS65C3vvB0YHrgF+B1YmZ3441tMj5n63k0212XNoJwzlhffQw=="],

    "function-bind": ["function-bind@1.1.2", "", {}, "sha512-7XHNxH7qX9xG5mIwxkhumTox/MIRNcOgDrxWsMt2pAr23WHp6MrRlN7FBSFpCpr+oVO0F744iUgR82nJMfG2SA=="],

    "hasown": ["hasown@2.0.4", "", { "dependencies": { "function-bind": "^1.1.2" } }, "sha512-T2UbfbBEF32wiepXIsMlTW9+dDYC6wMh/t/vYA4tuOMKqWz/n3vr1NFSxQiyP+zk2mXsoMA/i/7qV6LKut1t1A=="],

    "is-core-module": ["is-core-module@2.16.2", "", { "dependencies": { "hasown": "^2.0.3" } }, "sha512-evOr8xfXKxE6qSR0hSXL2r3sd7ALj8+7jQEUvPYcm5sgZFdJ+AYzT6yNmJenvIYQBgIGwfwz08sL8zoL7yq2BA=="],

    "is-module": ["is-module@1.0.0", "", {}, "sha512-51ypPSPCoTEIN9dy5Oy+h4pShgJmPCygKfyRCISBI+JoWT/2oJvK8QPxmwv7b/p239jXrm9M1mlQbyKJ5A152g=="],

    "is-reference": ["is-reference@3.0.3", "", { "dependencies": { "@types/estree": "^1.0.6" } }, "sha512-ixkJoqQvAP88E6wLydLGGqCJsrFUnqoH6HnaczB8XmDH1oaWU+xxdptvikTgaEhtZ53Ky6YXiBuUI2WXLMCwjw=="],

    "kleur": ["kleur@4.1.5", "", {}, "sha512-o+NO+8WrRiQEE4/7nwRJhN1HWpVmJm511pBHUxPLtp0BUISzlBplORYSmTclCnJvQq2tKu/sgl3xVpkc7ZWuQQ=="],

    "locate-character": ["locate-character@3.0.0", "", {}, "sha512-SW13ws7BjaeJ6p7Q6CO2nchbYEc3X3J6WrmTTDto7yMPqVSZTUyY5Tjbid+Ab8gLnATtygYtiDIJGQRRn2ZOiA=="],

    "magic-string": ["magic-string@0.30.21", "", { "dependencies": { "@jridgewell/sourcemap-codec": "^1.5.5" } }, "sha512-vd2F4YUyEXKGcLHoq+TEyCjxueSeHnFxyyjNp80yg0XV4vUhnDer/lvvlqM/arB5bXQN5K2/3oinyCRyx8T2CQ=="],

    "mrmime": ["mrmime@2.0.1", "", {}, "sha512-Y3wQdFg2Va6etvQ5I82yUhGdsKrcYox6p7FfL1LbK2J4V01F9TGlepTIhnK24t7koZibmg82KGglhA1XK5IsLQ=="],

    "ms": ["ms@2.1.3", "", {}, "sha512-6FlzubTLZG3J2a/NVCAleEhjzq5oxgHyaCU9yYXvcLsvoVaHJq/s5xXI6/XXP6tz7R9xAOtHnSO/tXtF3WRTlA=="],

    "nanoid": ["nanoid@3.3.16", "", { "bin": { "nanoid": "bin/nanoid.cjs" } }, "sha512-bzlKTyNJ7+LdGIIwy8ijFpIqEQIvafahV7eYykJ8Cvh42EdJeODoJ6gUJXpQJvej1BddH8OqTXZNE/KfbWAu8Q=="],

    "path-parse": ["path-parse@1.0.7", "", {}, "sha512-LDJzPVEEEPR+y48z93A0Ed0yXb8pAByGWo/k5YYdYgpY2/2EsOsksJrq7lOHxryrVOn1ejG6oAp8ahvOIQD8sw=="],

    "picocolors": ["picocolors@1.1.1", "", {}, "sha512-xceH2snhtb5M9liqDsmEw56le376mTZkEX/jEb/RxNFyegNul7eNslCXP9FDj/Lcu0X8KEyMceP2ntpaHrDEVA=="],

    "picomatch": ["picomatch@4.0.5", "", {}, "sha512-RvwwcruNjI1ncT5xRakeyS9Lf8lcItv34KD+aif+VH9kduAyfYBipGh12274xtenIPZ119/R9BdTBa8gAwSh0A=="],

    "postcss": ["postcss@8.5.23", "", { "dependencies": { "nanoid": "^3.3.16", "picocolors": "^1.1.1", "source-map-js": "^1.2.1" } }, "sha512-g50586zr4bZmwFiTlflMu8E0bDTb5I5gertgwAKmsdUlTQIhZtunzUlD1WSzwcVWPoAVpsrA6vlfCD7oXvRwgg=="],

    "resolve": ["resolve@1.22.12", "", { "dependencies": { "es-errors": "^1.3.0", "is-core-module": "^2.16.1", "path-parse": "^1.0.7", "supports-preserve-symlinks-flag": "^1.0.0" }, "bin": { "resolve": "bin/resolve" } }, "sha512-TyeJ1zif53BPfHootBGwPRYT1RUt6oGWsaQr8UyZW/eAm9bKoijtvruSDEmZHm92CwS9nj7/fWttqPCgzep8CA=="],

    "rollup": ["rollup@4.62.3", "", { "dependencies": { "@types/estree": "1.0.9" }, "optionalDependencies": { "@rollup/rollup-android-arm-eabi": "4.62.3", "@rollup/rollup-android-arm64": "4.62.3", "@rollup/rollup-darwin-arm64": "4.62.3", "@rollup/rollup-darwin-x64": "4.62.3", "@rollup/rollup-freebsd-arm64": "4.62.3", "@rollup/rollup-freebsd-x64": "4.62.3", "@rollup/rollup-linux-arm-gnueabihf": "4.62.3", "@rollup/rollup-linux-arm-musleabihf": "4.62.3", "@rollup/rollup-linux-arm64-gnu": "4.62.3", "@rollup/rollup-linux-arm64-musl": "4.62.3", "@rollup/rollup-linux-loong64-gnu": "4.62.3", "@rollup/rollup-linux-loong64-musl": "4.62.3", "@rollup/rollup-linux-ppc64-gnu": "4.62.3", "@rollup/rollup-linux-ppc64-musl": "4.62.3", "@rollup/rollup-linux-riscv64-gnu": "4.62.3", "@rollup/rollup-linux-riscv64-musl": "4.62.3", "@rollup/rollup-linux-s390x-gnu": "4.62.3", "@rollup/rollup-linux-x64-gnu": "4.62.3", "@rollup/rollup-linux-x64-musl": "4.62.3", "@rollup/rollup-openbsd-x64": "4.62.3", "@rollup/rollup-openharmony-arm64": "4.62.3", "@rollup/rollup-win32-arm64-msvc": "4.62.3", "@rollup/rollup-win32-ia32-msvc": "4.62.3", "@rollup/rollup-win32-x64-gnu": "4.62.3", "@rollup/rollup-win32-x64-msvc": "4.62.3", "fsevents": "~2.3.2" }, "bin": { "rollup": "dist/bin/rollup" } }, "sha512-Gu0c0iH9FzgX1L1t7ByIbbS3Vmdz+6KHm/EsqmmC71gUQ82yvZRkTK6XzrFObSka91WUVdynqp6nsfilzr5k6Q=="],

    "set-cookie-parser": ["set-cookie-parser@3.1.2", "", {}, "sha512-5/r/lTwbJ3zQ+qwdUFZYeRNqda7P5HD8zQKqlSjdGt1/S0cjLAphHusj4Y58ahDtWn/g32xrIS58/ikOvwl0Lw=="],

    "sirv": ["sirv@3.0.2", "", { "dependencies": { "@polka/url": "^1.0.0-next.24", "mrmime": "^2.0.0", "totalist": "^3.0.0" } }, "sha512-2wcC/oGxHis/BoHkkPwldgiPSYcpZK3JU28WoMVv55yHJgcZ8rlXvuG9iZggz+sU1d4bRgIGASwyWqjxu3FM0g=="],

    "source-map-js": ["source-map-js@1.2.1", "", {}, "sha512-UXWMKhLOwVKb728IUtQPXxfYU+usdybtUrK/8uGE8CQMvrhOpwvzDBwj0QhSL7MQc7vIsISBG8VQ8+IDQxpfQA=="],

    "supports-preserve-symlinks-flag": ["supports-preserve-symlinks-flag@1.0.0", "", {}, "sha512-ot0WnXS9fgdkgIcePe6RHNk1WA8+muPa6cSjeR3V8K27q9BB1rTE3R1p7Hv0z1ZyAc8s6Vvv8DIyWf681MAt0w=="],

    "svelte": ["svelte@5.56.8", "", { "dependencies": { "@jridgewell/remapping": "^2.3.4", "@jridgewell/sourcemap-codec": "^1.5.0", "@sveltejs/acorn-typescript": "^1.0.10", "@types/estree": "^1.0.5", "@types/trusted-types": "^2.0.7", "acorn": "^8.12.1", "aria-query": "5.3.1", "axobject-query": "^4.1.0", "clsx": "^2.1.1", "devalue": "^5.8.1", "esm-env": "^1.2.1", "esrap": "^2.2.12", "is-reference": "^3.0.3", "locate-character": "^3.0.0", "magic-string": "^0.30.11", "zimmerframe": "^1.1.2" } }, "sha512-PY8LOw7xP6c8IOiVqdo0sbbZVYhXRSfklOQLAUyGBKqjTX0wx/z4l/9J+PmBpmlLnxzEb1NqltxQ5/wZme/Cmg=="],

    "tinyglobby": ["tinyglobby@0.2.17", "", { "dependencies": { "fdir": "^6.5.0", "picomatch": "^4.0.4" } }, "sha512-wXR/dYpcqKmfWpEdZjiKJOwCNFndD0DMnrW/cYjVGttEkBfVgcLFHoNrlj47mjOVic9yyNu65alsgF4NQyTa2g=="],

    "totalist": ["totalist@3.0.1", "", {}, "sha512-sf4i37nQ2LBx4m3wB74y+ubopq6W/dIzXg0FDGjsYnZHVa1Da8FH853wlL2gtUhg+xJXjfk3kUZS3BRoQeoQBQ=="],

    "typescript": ["typescript@5.9.3", "", { "bin": { "tsc": "bin/tsc", "tsserver": "bin/tsserver" } }, "sha512-jl1vZzPDinLr9eUt3J/t7V6FgNEw9QjvBPdysz9KfQDD41fQrC2Y4vKQdiaUpFT4bXlb1RHhLpp8wtm6M5TgSw=="],

    "undici-types": ["undici-types@7.29.0", "", {}, "sha512-vamA8dGlzMwhpyYpQp9d8vka3o4D/yn5I7ez7Or+msDA4bZ8Uh+Zy91WvWf3I73gDAkFha9JcYRqm2li0Npfgg=="],

    "vite": ["vite@6.4.3", "", { "dependencies": { "esbuild": "^0.25.0", "fdir": "^6.4.4", "picomatch": "^4.0.2", "postcss": "^8.5.3", "rollup": "^4.34.9", "tinyglobby": "^0.2.13" }, "optionalDependencies": { "fsevents": "~2.3.3" }, "peerDependencies": { "@types/node": "^18.0.0 || ^20.0.0 || >=22.0.0", "jiti": ">=1.21.0", "less": "*", "lightningcss": "^1.21.0", "sass": "*", "sass-embedded": "*", "stylus": "*", "sugarss": "*", "terser": "^5.16.0", "tsx": "^4.8.1", "yaml": "^2.4.2" }, "optionalPeers": ["@types/node", "jiti", "less", "lightningcss", "sass", "sass-embedded", "stylus", "sugarss", "terser", "tsx", "yaml"], "bin": { "vite": "bin/vite.js" } }, "sha512-NTKlcQjlAK7MlQoyb6LgaqHc8sso/pVyUJYWMws3jg21uTJw/LddqIFPcPqP6PzpgbIcZyKI85sFE4HBrQDA8A=="],

    "vitefu": ["vitefu@1.1.3", "", { "peerDependencies": { "vite": "^3.0.0 || ^4.0.0 || ^5.0.0 || ^6.0.0 || ^7.0.0 || ^8.0.0" }, "optionalPeers": ["vite"] }, "sha512-ub4okH7Z5KLjb6hDyjqrGXqWtWvoYdU3IGm/NorpgHncKoLTCfRIbvlhBm7r0YstIaQRYlp4yEbFqDcKSzXSSg=="],

    "ws": ["ws@8.21.1", "", { "peerDependencies": { "bufferutil": "^4.0.1", "utf-8-validate": ">=5.0.2" }, "optionalPeers": ["bufferutil", "utf-8-validate"] }, "sha512-+0NTnW77fFN/DjQi6k/Sq/Yvk4Sgajw7urW8V+asjXnRgDs9gyGkdb7EzgfhA4goXsRIZKE28fzIXBHEzhuiWw=="],

    "zimmerframe": ["zimmerframe@1.1.4", "", {}, "sha512-B58NGBEoc8Y9MWWCQGl/gq9xBCe4IiKM0a2x7GZdQKOW5Exr8S1W24J6OgM1njK8xCRGvAJIL/MxXHf6SkmQKQ=="],

    "@rollup/plugin-commonjs/is-reference": ["is-reference@1.2.1", "", { "dependencies": { "@types/estree": "*" } }, "sha512-U82MsXXiFIrjCK4otLT+o2NA2Cd2g5MLoOVXUZjIOhLurrRxpEXzI8O0KZHr3IjLvlAH1kTPYSuqer5T9ZVBKQ=="],
  }
}
